
Microsoft Visual Studio Solution File, Format Version 12.00
# Visual Studio Version 17
VisualStudioVersion = 17.11.35327.3
MinimumVisualStudioVersion = 10.0.40219.1
Project("{FAE04EC0-301F-11D3-BF4B-00C04F79EFBC}") = "NeonProject", "NeonProject\NeonProject.csproj", "{EB004DE4-73AE-4B55-BBF0-D44F332A1A92}"
	ProjectSection(ProjectDependencies) = postProject
		{723466B1-5461-49F6-965D-D37D869EB0C3} = {723466B1-5461-49F6-965D-D37D869EB0C3}
	EndProjectSection
EndProject
Project("{8BC9CEB8-8B4A-11D0-8D11-00A0C91BC942}") = "Asm", "Asm\Asm.vcxproj", "{723466B1-5461-49F6-965D-D37D869EB0C3}"
EndProject
Project("{FAE04EC0-301F-11D3-BF4B-00C04F79EFBC}") = "CSharp", "C#\CSharp.csproj", "{9C101BCD-8D0D-4E19-A2D7-0CD5AA323991}"
EndProject
Global
	GlobalSection(SolutionConfigurationPlatforms) = preSolution
		Debug|Any CPU = Debug|Any CPU
		Debug|x64 = Debug|x64
		Debug|x86 = Debug|x86
		Release|Any CPU = Release|Any CPU
		Release|x64 = Release|x64
		Release|x86 = Release|x86
	EndGlobalSection
	GlobalSection(ProjectConfigurationPlatforms) = postSolution
		{EB004DE4-73AE-4B55-BBF0-D44F332A1A92}.Debug|Any CPU.ActiveCfg = Debug|Any CPU
		{EB004DE4-73AE-4B55-BBF0-D44F332A1A92}.Debug|Any CPU.Build.0 = Debug|Any CPU
		{EB004DE4-73AE-4B55-BBF0-D44F332A1A92}.Debug|x64.ActiveCfg = Debug|x64
		{EB004DE4-73AE-4B55-BBF0-D44F332A1A92}.Debug|x64.Build.0 = Debug|x64
		{EB004DE4-73AE-4B55-BBF0-D44F332A1A92}.Debug|x86.ActiveCfg = Debug|Any CPU
		{EB004DE4-73AE-4B55-BBF0-D44F332A1A92}.Debug|x86.Build.0 = Debug|Any CPU
		{EB004DE4-73AE-4B55-BBF0-D44F332A1A92}.Release|Any CPU.ActiveCfg = Release|Any CPU
		{EB004DE4-73AE-4B55-BBF0-D44F332A1A92}.Release|Any CPU.Build.0 = Release|Any CPU
		{EB004DE4-73AE-4B55-BBF0-D44F332A1A92}.Release|x64.ActiveCfg = Release|Any CPU
		{EB004DE4-73AE-4B55-BBF0-D44F332A1A92}.Release|x64.Build.0 = Release|Any CPU
		{EB004DE4-73AE-4B55-BBF0-D44F332A1A92}.Release|x86.ActiveCfg = Release|Any CPU
		{EB004DE4-73AE-4B55-BBF0-D44F332A1A92}.Release|x86.Build.0 = Release|Any CPU
		{723466B1-5461-49F6-965D-D37D869EB0C3}.Debug|Any CPU.ActiveCfg = Debug|x64
		{723466B1-5461-49F6-965D-D37D869EB0C3}.Debug|Any CPU.Build.0 = Debug|x64
		{723466B1-5461-49F6-965D-D37D869EB0C3}.Debug|x64.ActiveCfg = Debug|x64
		{723466B1-5461-49F6-965D-D37D869EB0C3}.Debug|x64.Build.0 = Debug|x64
		{723466B1-5461-49F6-965D-D37D869EB0C3}.Debug|x86.ActiveCfg = Debug|Win32
		{723466B1-5461-49F6-965D-D37D869EB0C3}.Debug|x86.Build.0 = Debug|Win32
		{723466B1-5461-49F6-965D-D37D869EB0C3}.Release|Any CPU.ActiveCfg = Release|x64
		{723466B1-5461-49F6-965D-D37D869EB0C3}.Release|Any CPU.Build.0 = Release|x64
		{723466B1-5461-49F6-965D-D37D869EB0C3}.Release|x64.ActiveCfg = Release|x64
		{723466B1-5461-49F6-965D-D37D869EB0C3}.Release|x64.Build.0 = Release|x64
		{723466B1-5461-49F6-965D-D37D869EB0C3}.Release|x86.ActiveCfg = Release|Win32
		{723466B1-5461-49F6-965D-D37D869EB0C3}.Release|x86.Build.0 = Release|Win32
		{9C101BCD-8D0D-4E19-A2D7-0CD5AA323991}.Debug|Any CPU.ActiveCfg = Debug|Any CPU
		{9C101BCD-8D0D-4E19-A2D7-0CD5AA323991}.Debug|Any CPU.Build.0 = Debug|Any CPU
		{9C101BCD-8D0D-4E19-A2D7-0CD5AA323991}.Debug|x64.ActiveCfg = Debug|Any CPU
		{9C101BCD-8D0D-4E19-A2D7-0CD5AA323991}.Debug|x64.Build.0 = Debug|Any CPU
		{9C101BCD-8D0D-4E19-A2D7-0CD5AA323991}.Debug|x86.ActiveCfg = Debug|Any CPU
		{9C101BCD-8D0D-4E19-A2D7-0CD5AA323991}.Debug|x86.Build.0 = Debug|Any CPU
		{9C101BCD-8D0D-4E19-A2D7-0CD5AA323991}.Release|Any CPU.ActiveCfg = Release|Any CPU
		{9C101BCD-8D0D-4E19-A2D7-0CD5AA323991}.Release|Any CPU.Build.0 = Release|Any CPU
		{9C101BCD-8D0D-4E19-A2D7-0CD5AA323991}.Release|x64.ActiveCfg = Release|Any CPU
		{9C101BCD-8D0D-4E19-A2D7-0CD5AA323991}.Release|x64.Build.0 = Release|Any CPU
		{9C101BCD-8D0D-4E19-A2D7-0CD5AA323991}.Release|x86.ActiveCfg = Release|Any CPU
		{9C101BCD-8D0D-4E19-A2D7-0CD5AA323991}.Release|x86.Build.0 = Release|Any CPU
	EndGlobalSection
	GlobalSection(SolutionProperties) = preSolution
		HideSolutionNode = FALSE
	EndGlobalSection
	GlobalSection(ExtensibilityGlobals) = postSolution
		SolutionGuid = {140038C4-6854-426C-B355-5B406BEEBDE2}
	EndGlobalSection
EndGlobal
